
Microsoft Visual Studio Solution File, Format Version 12.00
# Visual Studio Version 17
VisualStudioVersion = 17.5.33502.453
MinimumVisualStudioVersion = 10.0.40219.1
Project("{FAE04EC0-301F-11D3-BF4B-00C04F79EFBC}") = "Tetris", "Tetris.csproj", "{193C5582-CC0D-4386-87E3-AA069718D516}"
EndProject
Global
	GlobalSection(SolutionConfigurationPlatforms) = preSolution
		Debug|Any CPU = Debug|Any CPU
		Release|Any CPU = Release|Any CPU
	EndGlobalSection
	GlobalSection(ProjectConfigurationPlatforms) = postSolution
		{193C5582-CC0D-4386-87E3-AA069718D516}.Debug|Any CPU.ActiveCfg = Debug|Any CPU
		{193C5582-CC0D-4386-87E3-AA069718D516}.Debug|Any CPU.Build.0 = Debug|Any CPU
		{193C5582-CC0D-4386-87E3-AA069718D516}.Release|Any CPU.ActiveCfg = Release|Any CPU
		{193C5582-CC0D-4386-87E3-AA069718D516}.Release|Any CPU.Build.0 = Release|Any CPU
	EndGlobalSection
	GlobalSection(SolutionProperties) = preSolution
		HideSolutionNode = FALSE
	EndGlobalSection
	GlobalSection(ExtensibilityGlobals) = postSolution
		SolutionGuid = {68C5578D-756F-46A3-94A9-8499AEB9FE09}
	EndGlobalSection
EndGlobal
